
Microsoft Visual Studio Solution File, Format Version 12.00
# Visual Studio 14
VisualStudioVersion = 14.0.25420.1
MinimumVisualStudioVersion = 10.0.40219.1
Project("{2150E333-8FDC-42A3-9474-1A3956D46DE8}") = "UserInterface", "UserInterface", "{5EA68B5E-E466-4C31-A958-704B70549EEF}"
EndProject
Project("{FAE04EC0-301F-11D3-BF4B-00C04F79EFBC}") = "UI", "UI\UI.csproj", "{8BE818C1-22E8-459F-8B76-351956D82727}"
EndProject
Global
	GlobalSection(SolutionConfigurationPlatforms) = preSolution
		Debug|Any CPU = Debug|Any CPU
		Release|Any CPU = Release|Any CPU
	EndGlobalSection
	GlobalSection(ProjectConfigurationPlatforms) = postSolution
		{8BE818C1-22E8-459F-8B76-351956D82727}.Debug|Any CPU.ActiveCfg = Debug|Any CPU
		{8BE818C1-22E8-459F-8B76-351956D82727}.Debug|Any CPU.Build.0 = Debug|Any CPU
		{8BE818C1-22E8-459F-8B76-351956D82727}.Release|Any CPU.ActiveCfg = Release|Any CPU
		{8BE818C1-22E8-459F-8B76-351956D82727}.Release|Any CPU.Build.0 = Release|Any CPU
	EndGlobalSection
	GlobalSection(SolutionProperties) = preSolution
		HideSolutionNode = FALSE
	EndGlobalSection
	GlobalSection(NestedProjects) = preSolution
		{8BE818C1-22E8-459F-8B76-351956D82727} = {5EA68B5E-E466-4C31-A958-704B70549EEF}
	EndGlobalSection
EndGlobal
